// !$*UTF8*$!
{
	archiveVersion = 1;
	classes = {
	};
	objectVersion = 56;
	objects = {

/* Begin PBXBuildFile section */
		C69C131C2911413300D9B47F /* Todo_WidgetView.swift in Sources */ = {isa = PBXBuildFile; fileRef = C69C131A2911411300D9B47F /* Todo_WidgetView.swift */; };
		C69C132229114A4000D9B47F /* TodoEntity+CoreDataClass.swift in Sources */ = {isa = PBXBuildFile; fileRef = C69C132029114A4000D9B47F /* TodoEntity+CoreDataClass.swift */; };
		C69C132329114A4000D9B47F /* TodoEntity+CoreDataProperties.swift in Sources */ = {isa = PBXBuildFile; fileRef = C69C132129114A4000D9B47F /* TodoEntity+CoreDataProperties.swift */; };
		C69C132429114A4A00D9B47F /* TodoEntity+CoreDataClass.swift in Sources */ = {isa = PBXBuildFile; fileRef = C69C132029114A4000D9B47F /* TodoEntity+CoreDataClass.swift */; };
		C69C132529114A4A00D9B47F /* TodoEntity+CoreDataProperties.swift in Sources */ = {isa = PBXBuildFile; fileRef = C69C132129114A4000D9B47F /* TodoEntity+CoreDataProperties.swift */; };
		C6D34D7128F5B8D200D0AD70 /* Todo_CoreData_LockScreenApp.swift in Sources */ = {isa = PBXBuildFile; fileRef = C6D34D7028F5B8D200D0AD70 /* Todo_CoreData_LockScreenApp.swift */; };
		C6D34D7328F5B8D200D0AD70 /* ContentView.swift in Sources */ = {isa = PBXBuildFile; fileRef = C6D34D7228F5B8D200D0AD70 /* ContentView.swift */; };
		C6D34D7528F5B8D300D0AD70 /* Assets.xcassets in Resources */ = {isa = PBXBuildFile; fileRef = C6D34D7428F5B8D300D0AD70 /* Assets.xcassets */; };
		C6D34D7828F5B8D300D0AD70 /* Preview Assets.xcassets in Resources */ = {isa = PBXBuildFile; fileRef = C6D34D7728F5B8D300D0AD70 /* Preview Assets.xcassets */; };
		C6D34D7F28F5B8F300D0AD70 /* ContentViewModel.swift in Sources */ = {isa = PBXBuildFile; fileRef = C6D34D7E28F5B8F300D0AD70 /* ContentViewModel.swift */; };
		C6D34D8128F5B93A00D0AD70 /* CoreDataManager.swift in Sources */ = {isa = PBXBuildFile; fileRef = C6D34D8028F5B93A00D0AD70 /* CoreDataManager.swift */; };
		C6D34D8928F5B9FA00D0AD70 /* WidgetKit.framework in Frameworks */ = {isa = PBXBuildFile; fileRef = C6D34D8828F5B9FA00D0AD70 /* WidgetKit.framework */; };
		C6D34D8B28F5B9FA00D0AD70 /* SwiftUI.framework in Frameworks */ = {isa = PBXBuildFile; fileRef = C6D34D8A28F5B9FA00D0AD70 /* SwiftUI.framework */; };
		C6D34D8E28F5B9FA00D0AD70 /* Todo_Widget.swift in Sources */ = {isa = PBXBuildFile; fileRef = C6D34D8D28F5B9FA00D0AD70 /* Todo_Widget.swift */; };
		C6D34D9128F5B9FB00D0AD70 /* Assets.xcassets in Resources */ = {isa = PBXBuildFile; fileRef = C6D34D9028F5B9FB00D0AD70 /* Assets.xcassets */; };
		C6D34D9328F5B9FB00D0AD70 /* Todo_Widget.intentdefinition in Sources */ = {isa = PBXBuildFile; fileRef = C6D34D8F28F5B9FA00D0AD70 /* Todo_Widget.intentdefinition */; };
		C6D34D9428F5B9FB00D0AD70 /* Todo_Widget.intentdefinition in Sources */ = {isa = PBXBuildFile; fileRef = C6D34D8F28F5B9FA00D0AD70 /* Todo_Widget.intentdefinition */; };
		C6D34D9728F5B9FB00D0AD70 /* Todo-WidgetExtension.appex in Embed Foundation Extensions */ = {isa = PBXBuildFile; fileRef = C6D34D8628F5B9FA00D0AD70 /* Todo-WidgetExtension.appex */; settings = {ATTRIBUTES = (RemoveHeadersOnCopy, ); }; };
		C6D34DA028F5BAB400D0AD70 /* DataModel.xcdatamodeld in Sources */ = {isa = PBXBuildFile; fileRef = C6D34D9E28F5BAB400D0AD70 /* DataModel.xcdatamodeld */; };
		C6D34DA128F5BB3E00D0AD70 /* CoreDataManager.swift in Sources */ = {isa = PBXBuildFile; fileRef = C6D34D8028F5B93A00D0AD70 /* CoreDataManager.swift */; };
		C6D34DA328F5BB4E00D0AD70 /* DataModel.xcdatamodeld in Sources */ = {isa = PBXBuildFile; fileRef = C6D34D9E28F5BAB400D0AD70 /* DataModel.xcdatamodeld */; };
/* End PBXBuildFile section */

/* Begin PBXContainerItemProxy section */
		C6D34D9528F5B9FB00D0AD70 /* PBXContainerItemProxy */ = {
			isa = PBXContainerItemProxy;
			containerPortal = C6D34D6528F5B8D200D0AD70 /* Project object */;
			proxyType = 1;
			remoteGlobalIDString = C6D34D8528F5B9FA00D0AD70;
			remoteInfo = "Todo-WidgetExtension";
		};
/* End PBXContainerItemProxy section */

/* Begin PBXCopyFilesBuildPhase section */
		C6D34D9B28F5B9FB00D0AD70 /* Embed Foundation Extensions */ = {
			isa = PBXCopyFilesBuildPhase;
			buildActionMask = 2147483647;
			dstPath = "";
			dstSubfolderSpec = 13;
			files = (
				C6D34D9728F5B9FB00D0AD70 /* Todo-WidgetExtension.appex in Embed Foundation Extensions */,
			);
			name = "Embed Foundation Extensions";
			runOnlyForDeploymentPostprocessing = 0;
		};
/* End PBXCopyFilesBuildPhase section */

/* Begin PBXFileReference section */
		C69C131A2911411300D9B47F /* Todo_WidgetView.swift */ = {isa = PBXFileReference; lastKnownFileType = sourcecode.swift; path = Todo_WidgetView.swift; sourceTree = "<group>"; };
		C69C132029114A4000D9B47F /* TodoEntity+CoreDataClass.swift */ = {isa = PBXFileReference; lastKnownFileType = sourcecode.swift; path = "TodoEntity+CoreDataClass.swift"; sourceTree = "<group>"; };
		C69C132129114A4000D9B47F /* TodoEntity+CoreDataProperties.swift */ = {isa = PBXFileReference; lastKnownFileType = sourcecode.swift; path = "TodoEntity+CoreDataProperties.swift"; sourceTree = "<group>"; };
		C6AA71E228F930970091A868 /* Info.plist */ = {isa = PBXFileReference; lastKnownFileType = text.plist.xml; path = Info.plist; sourceTree = "<group>"; };
		C6D34D6D28F5B8D200D0AD70 /* Todo-CoreData-LockScreen.app */ = {isa = PBXFileReference; explicitFileType = wrapper.application; includeInIndex = 0; path = "Todo-CoreData-LockScreen.app"; sourceTree = BUILT_PRODUCTS_DIR; };
		C6D34D7028F5B8D200D0AD70 /* Todo_CoreData_LockScreenApp.swift */ = {isa = PBXFileReference; lastKnownFileType = sourcecode.swift; path = Todo_CoreData_LockScreenApp.swift; sourceTree = "<group>"; };
		C6D34D7228F5B8D200D0AD70 /* ContentView.swift */ = {isa = PBXFileReference; lastKnownFileType = sourcecode.swift; path = ContentView.swift; sourceTree = "<group>"; };
		C6D34D7428F5B8D300D0AD70 /* Assets.xcassets */ = {isa = PBXFileReference; lastKnownFileType = folder.assetcatalog; path = Assets.xcassets; sourceTree = "<group>"; };
		C6D34D7728F5B8D300D0AD70 /* Preview Assets.xcassets */ = {isa = PBXFileReference; lastKnownFileType = folder.assetcatalog; path = "Preview Assets.xcassets"; sourceTree = "<group>"; };
		C6D34D7E28F5B8F300D0AD70 /* ContentViewModel.swift */ = {isa = PBXFileReference; lastKnownFileType = sourcecode.swift; path = ContentViewModel.swift; sourceTree = "<group>"; };
		C6D34D8028F5B93A00D0AD70 /* CoreDataManager.swift */ = {isa = PBXFileReference; lastKnownFileType = sourcecode.swift; path = CoreDataManager.swift; sourceTree = "<group>"; };
		C6D34D8628F5B9FA00D0AD70 /* Todo-WidgetExtension.appex */ = {isa = PBXFileReference; explicitFileType = "wrapper.app-extension"; includeInIndex = 0; path = "Todo-WidgetExtension.appex"; sourceTree = BUILT_PRODUCTS_DIR; };
		C6D34D8828F5B9FA00D0AD70 /* WidgetKit.framework */ = {isa = PBXFileReference; lastKnownFileType = wrapper.framework; name = WidgetKit.framework; path = System/Library/Frameworks/WidgetKit.framework; sourceTree = SDKROOT; };
		C6D34D8A28F5B9FA00D0AD70 /* SwiftUI.framework */ = {isa = PBXFileReference; lastKnownFileType = wrapper.framework; name = SwiftUI.framework; path = System/Library/Frameworks/SwiftUI.framework; sourceTree = SDKROOT; };
		C6D34D8D28F5B9FA00D0AD70 /* Todo_Widget.swift */ = {isa = PBXFileReference; lastKnownFileType = sourcecode.swift; path = Todo_Widget.swift; sourceTree = "<group>"; };
		C6D34D8F28F5B9FA00D0AD70 /* Todo_Widget.intentdefinition */ = {isa = PBXFileReference; lastKnownFileType = file.intentdefinition; path = Todo_Widget.intentdefinition; sourceTree = "<group>"; };
		C6D34D9028F5B9FB00D0AD70 /* Assets.xcassets */ = {isa = PBXFileReference; lastKnownFileType = folder.assetcatalog; path = Assets.xcassets; sourceTree = "<group>"; };
		C6D34D9228F5B9FB00D0AD70 /* Info.plist */ = {isa = PBXFileReference; lastKnownFileType = text.plist.xml; path = Info.plist; sourceTree = "<group>"; };
		C6D34D9C28F5BA2100D0AD70 /* Todo-WidgetExtension.entitlements */ = {isa = PBXFileReference; lastKnownFileType = text.plist.entitlements; path = "Todo-WidgetExtension.entitlements"; sourceTree = "<group>"; };
		C6D34D9D28F5BA3400D0AD70 /* Todo-CoreData-LockScreen.entitlements */ = {isa = PBXFileReference; lastKnownFileType = text.plist.entitlements; path = "Todo-CoreData-LockScreen.entitlements"; sourceTree = "<group>"; };
		C6D34D9F28F5BAB400D0AD70 /* DataModel.xcdatamodel */ = {isa = PBXFileReference; lastKnownFileType = wrapper.xcdatamodel; path = DataModel.xcdatamodel; sourceTree = "<group>"; };
/* End PBXFileReference section */

/* Begin PBXFrameworksBuildPhase section */
		C6D34D6A28F5B8D200D0AD70 /* Frameworks */ = {
			isa = PBXFrameworksBuildPhase;
			buildActionMask = 2147483647;
			files = (
			);
			runOnlyForDeploymentPostprocessing = 0;
		};
		C6D34D8328F5B9FA00D0AD70 /* Frameworks */ = {
			isa = PBXFrameworksBuildPhase;
			buildActionMask = 2147483647;
			files = (
				C6D34D8B28F5B9FA00D0AD70 /* SwiftUI.framework in Frameworks */,
				C6D34D8928F5B9FA00D0AD70 /* WidgetKit.framework in Frameworks */,
			);
			runOnlyForDeploymentPostprocessing = 0;
		};
/* End PBXFrameworksBuildPhase section */

/* Begin PBXGroup section */
		C69C131D291148BC00D9B47F /* CoreData */ = {
			isa = PBXGroup;
			children = (
				C69C132629114C4F00D9B47F /* Model */,
				C6D34D8028F5B93A00D0AD70 /* CoreDataManager.swift */,
				C6D34D9E28F5BAB400D0AD70 /* DataModel.xcdatamodeld */,
			);
			path = CoreData;
			sourceTree = "<group>";
		};
		C69C131E291148C700D9B47F /* ContentView */ = {
			isa = PBXGroup;
			children = (
				C6D34D7228F5B8D200D0AD70 /* ContentView.swift */,
				C6D34D7E28F5B8F300D0AD70 /* ContentViewModel.swift */,
			);
			path = ContentView;
			sourceTree = "<group>";
		};
		C69C131F291148E000D9B47F /* Resources */ = {
			isa = PBXGroup;
			children = (
				C6D34D7428F5B8D300D0AD70 /* Assets.xcassets */,
				C6D34D7028F5B8D200D0AD70 /* Todo_CoreData_LockScreenApp.swift */,
			);
			path = Resources;
			sourceTree = "<group>";
		};
		C69C132629114C4F00D9B47F /* Model */ = {
			isa = PBXGroup;
			children = (
				C69C132029114A4000D9B47F /* TodoEntity+CoreDataClass.swift */,
				C69C132129114A4000D9B47F /* TodoEntity+CoreDataProperties.swift */,
			);
			path = Model;
			sourceTree = "<group>";
		};
		C6D34D6428F5B8D200D0AD70 = {
			isa = PBXGroup;
			children = (
				C6D34D9C28F5BA2100D0AD70 /* Todo-WidgetExtension.entitlements */,
				C6D34D6F28F5B8D200D0AD70 /* Todo-CoreData-LockScreen */,
				C6D34D8C28F5B9FA00D0AD70 /* Todo-Widget */,
				C6D34D8728F5B9FA00D0AD70 /* Frameworks */,
				C6D34D6E28F5B8D200D0AD70 /* Products */,
			);
			sourceTree = "<group>";
		};
		C6D34D6E28F5B8D200D0AD70 /* Products */ = {
			isa = PBXGroup;
			children = (
				C6D34D6D28F5B8D200D0AD70 /* Todo-CoreData-LockScreen.app */,
				C6D34D8628F5B9FA00D0AD70 /* Todo-WidgetExtension.appex */,
			);
			name = Products;
			sourceTree = "<group>";
		};
		C6D34D6F28F5B8D200D0AD70 /* Todo-CoreData-LockScreen */ = {
			isa = PBXGroup;
			children = (
				C6D34D9D28F5BA3400D0AD70 /* Todo-CoreData-LockScreen.entitlements */,
				C6AA71E228F930970091A868 /* Info.plist */,
				C69C131F291148E000D9B47F /* Resources */,
				C69C131E291148C700D9B47F /* ContentView */,
				C69C131D291148BC00D9B47F /* CoreData */,
				C6D34D7628F5B8D300D0AD70 /* Preview Content */,
			);
			path = "Todo-CoreData-LockScreen";
			sourceTree = "<group>";
		};
		C6D34D7628F5B8D300D0AD70 /* Preview Content */ = {
			isa = PBXGroup;
			children = (
				C6D34D7728F5B8D300D0AD70 /* Preview Assets.xcassets */,
			);
			path = "Preview Content";
			sourceTree = "<group>";
		};
		C6D34D8728F5B9FA00D0AD70 /* Frameworks */ = {
			isa = PBXGroup;
			children = (
				C6D34D8828F5B9FA00D0AD70 /* WidgetKit.framework */,
				C6D34D8A28F5B9FA00D0AD70 /* SwiftUI.framework */,
			);
			name = Frameworks;
			sourceTree = "<group>";
		};
		C6D34D8C28F5B9FA00D0AD70 /* Todo-Widget */ = {
			isa = PBXGroup;
			children = (
				C6D34D8D28F5B9FA00D0AD70 /* Todo_Widget.swift */,
				C69C131A2911411300D9B47F /* Todo_WidgetView.swift */,
				C6D34D8F28F5B9FA00D0AD70 /* Todo_Widget.intentdefinition */,
				C6D34D9028F5B9FB00D0AD70 /* Assets.xcassets */,
				C6D34D9228F5B9FB00D0AD70 /* Info.plist */,
			);
			path = "Todo-Widget";
			sourceTree = "<group>";
		};
/* End PBXGroup section */

/* Begin PBXNativeTarget section */
		C6D34D6C28F5B8D200D0AD70 /* Todo-CoreData-LockScreen */ = {
			isa = PBXNativeTarget;
			buildConfigurationList = C6D34D7B28F5B8D300D0AD70 /* Build configuration list for PBXNativeTarget "Todo-CoreData-LockScreen" */;
			buildPhases = (
				C6D34D6928F5B8D200D0AD70 /* Sources */,
				C6D34D6A28F5B8D200D0AD70 /* Frameworks */,
				C6D34D6B28F5B8D200D0AD70 /* Resources */,
				C6D34D9B28F5B9FB00D0AD70 /* Embed Foundation Extensions */,
			);
			buildRules = (
			);
			dependencies = (
				C6D34D9628F5B9FB00D0AD70 /* PBXTargetDependency */,
			);
			name = "Todo-CoreData-LockScreen";
			productName = "Todo-CoreData-LockScreen";
			productReference = C6D34D6D28F5B8D200D0AD70 /* Todo-CoreData-LockScreen.app */;
			productType = "com.apple.product-type.application";
		};
		C6D34D8528F5B9FA00D0AD70 /* Todo-WidgetExtension */ = {
			isa = PBXNativeTarget;
			buildConfigurationList = C6D34D9828F5B9FB00D0AD70 /* Build configuration list for PBXNativeTarget "Todo-WidgetExtension" */;
			buildPhases = (
				C6D34D8228F5B9FA00D0AD70 /* Sources */,
				C6D34D8328F5B9FA00D0AD70 /* Frameworks */,
				C6D34D8428F5B9FA00D0AD70 /* Resources */,
			);
			buildRules = (
			);
			dependencies = (
			);
			name = "Todo-WidgetExtension";
			productName = "Todo-WidgetExtension";
			productReference = C6D34D8628F5B9FA00D0AD70 /* Todo-WidgetExtension.appex */;
			productType = "com.apple.product-type.app-extension";
		};
/* End PBXNativeTarget section */

/* Begin PBXProject section */
		C6D34D6528F5B8D200D0AD70 /* Project object */ = {
			isa = PBXProject;
			attributes = {
				BuildIndependentTargetsInParallel = 1;
				LastSwiftUpdateCheck = 1400;
				LastUpgradeCheck = 1400;
				TargetAttributes = {
					C6D34D6C28F5B8D200D0AD70 = {
						CreatedOnToolsVersion = 14.0;
					};
					C6D34D8528F5B9FA00D0AD70 = {
						CreatedOnToolsVersion = 14.0;
					};
				};
			};
			buildConfigurationList = C6D34D6828F5B8D200D0AD70 /* Build configuration list for PBXProject "Todo-CoreData-LockScreen" */;
			compatibilityVersion = "Xcode 14.0";
			developmentRegion = en;
			hasScannedForEncodings = 0;
			knownRegions = (
				en,
				Base,
			);
			mainGroup = C6D34D6428F5B8D200D0AD70;
			productRefGroup = C6D34D6E28F5B8D200D0AD70 /* Products */;
			projectDirPath = "";
			projectRoot = "";
			targets = (
				C6D34D6C28F5B8D200D0AD70 /* Todo-CoreData-LockScreen */,
				C6D34D8528F5B9FA00D0AD70 /* Todo-WidgetExtension */,
			);
		};
/* End PBXProject section */

/* Begin PBXResourcesBuildPhase section */
		C6D34D6B28F5B8D200D0AD70 /* Resources */ = {
			isa = PBXResourcesBuildPhase;
			buildActionMask = 2147483647;
			files = (
				C6D34D7828F5B8D300D0AD70 /* Preview Assets.xcassets in Resources */,
				C6D34D7528F5B8D300D0AD70 /* Assets.xcassets in Resources */,
			);
			runOnlyForDeploymentPostprocessing = 0;
		};
		C6D34D8428F5B9FA00D0AD70 /* Resources */ = {
			isa = PBXResourcesBuildPhase;
			buildActionMask = 2147483647;
			files = (
				C6D34D9128F5B9FB00D0AD70 /* Assets.xcassets in Resources */,
			);
			runOnlyForDeploymentPostprocessing = 0;
		};
/* End PBXResourcesBuildPhase section */

/* Begin PBXSourcesBuildPhase section */
		C6D34D6928F5B8D200D0AD70 /* Sources */ = {
			isa = PBXSourcesBuildPhase;
			buildActionMask = 2147483647;
			files = (
				C6D34D9428F5B9FB00D0AD70 /* Todo_Widget.intentdefinition in Sources */,
				C6D34D7328F5B8D200D0AD70 /* ContentView.swift in Sources */,
				C6D34D7128F5B8D200D0AD70 /* Todo_CoreData_LockScreenApp.swift in Sources */,
				C6D34DA028F5BAB400D0AD70 /* DataModel.xcdatamodeld in Sources */,
				C69C132329114A4000D9B47F /* TodoEntity+CoreDataProperties.swift in Sources */,
				C6D34D8128F5B93A00D0AD70 /* CoreDataManager.swift in Sources */,
				C6D34D7F28F5B8F300D0AD70 /* ContentViewModel.swift in Sources */,
				C69C132229114A4000D9B47F /* TodoEntity+CoreDataClass.swift in Sources */,
			);
			runOnlyForDeploymentPostprocessing = 0;
		};
		C6D34D8228F5B9FA00D0AD70 /* Sources */ = {
			isa = PBXSourcesBuildPhase;
			buildActionMask = 2147483647;
			files = (
				C69C131C2911413300D9B47F /* Todo_WidgetView.swift in Sources */,
				C6D34DA128F5BB3E00D0AD70 /* CoreDataManager.swift in Sources */,
				C6D34DA328F5BB4E00D0AD70 /* DataModel.xcdatamodeld in Sources */,
				C6D34D9328F5B9FB00D0AD70 /* Todo_Widget.intentdefinition in Sources */,
				C69C132429114A4A00D9B47F /* TodoEntity+CoreDataClass.swift in Sources */,
				C69C132529114A4A00D9B47F /* TodoEntity+CoreDataProperties.swift in Sources */,
				C6D34D8E28F5B9FA00D0AD70 /* Todo_Widget.swift in Sources */,
			);
			runOnlyForDeploymentPostprocessing = 0;
		};
/* End PBXSourcesBuildPhase section */

/* Begin PBXTargetDependency section */
		C6D34D9628F5B9FB00D0AD70 /* PBXTargetDependency */ = {
			isa = PBXTargetDependency;
			target = C6D34D8528F5B9FA00D0AD70 /* Todo-WidgetExtension */;
			targetProxy = C6D34D9528F5B9FB00D0AD70 /* PBXContainerItemProxy */;
		};
/* End PBXTargetDependency section */

/* Begin XCBuildConfiguration section */
		C6D34D7928F5B8D300D0AD70 /* Debug */ = {
			isa = XCBuildConfiguration;
			buildSettings = {
				ALWAYS_SEARCH_USER_PATHS = NO;
				CLANG_ANALYZER_NONNULL = YES;
				CLANG_ANALYZER_NUMBER_OBJECT_CONVERSION = YES_AGGRESSIVE;
				CLANG_CXX_LANGUAGE_STANDARD = "gnu++20";
				CLANG_ENABLE_MODULES = YES;
				CLANG_ENABLE_OBJC_ARC = YES;
				CLANG_ENABLE_OBJC_WEAK = YES;
				CLANG_WARN_BLOCK_CAPTURE_AUTORELEASING = YES;
				CLANG_WARN_BOOL_CONVERSION = YES;
				CLANG_WARN_COMMA = YES;
				CLANG_WARN_CONSTANT_CONVERSION = YES;
				CLANG_WARN_DEPRECATED_OBJC_IMPLEMENTATIONS = YES;
				CLANG_WARN_DIRECT_OBJC_ISA_USAGE = YES_ERROR;
				CLANG_WARN_DOCUMENTATION_COMMENTS = YES;
				CLANG_WARN_EMPTY_BODY = YES;
				CLANG_WARN_ENUM_CONVERSION = YES;
				CLANG_WARN_INFINITE_RECURSION = YES;
				CLANG_WARN_INT_CONVERSION = YES;
				CLANG_WARN_NON_LITERAL_NULL_CONVERSION = YES;
				CLANG_WARN_OBJC_IMPLICIT_RETAIN_SELF = YES;
				CLANG_WARN_OBJC_LITERAL_CONVERSION = YES;
				CLANG_WARN_OBJC_ROOT_CLASS = YES_ERROR;
				CLANG_WARN_QUOTED_INCLUDE_IN_FRAMEWORK_HEADER = YES;
				CLANG_WARN_RANGE_LOOP_ANALYSIS = YES;
				CLANG_WARN_STRICT_PROTOTYPES = YES;
				CLANG_WARN_SUSPICIOUS_MOVE = YES;
				CLANG_WARN_UNGUARDED_AVAILABILITY = YES_AGGRESSIVE;
				CLANG_WARN_UNREACHABLE_CODE = YES;
				CLANG_WARN__DUPLICATE_METHOD_MATCH = YES;
				COPY_PHASE_STRIP = NO;
				DEBUG_INFORMATION_FORMAT = dwarf;
				ENABLE_STRICT_OBJC_MSGSEND = YES;
				ENABLE_TESTABILITY = YES;
				GCC_C_LANGUAGE_STANDARD = gnu11;
				GCC_DYNAMIC_NO_PIC = NO;
				GCC_NO_COMMON_BLOCKS = YES;
				GCC_OPTIMIZATION_LEVEL = 0;
				GCC_PREPROCESSOR_DEFINITIONS = (
					"DEBUG=1",
					"$(inherited)",
				);
				GCC_WARN_64_TO_32_BIT_CONVERSION = YES;
				GCC_WARN_ABOUT_RETURN_TYPE = YES_ERROR;
				GCC_WARN_UNDECLARED_SELECTOR = YES;
				GCC_WARN_UNINITIALIZED_AUTOS = YES_AGGRESSIVE;
				GCC_WARN_UNUSED_FUNCTION = YES;
				GCC_WARN_UNUSED_VARIABLE = YES;
				IPHONEOS_DEPLOYMENT_TARGET = 16.0;
				MTL_ENABLE_DEBUG_INFO = INCLUDE_SOURCE;
				MTL_FAST_MATH = YES;
				ONLY_ACTIVE_ARCH = YES;
				SDKROOT = iphoneos;
				SWIFT_ACTIVE_COMPILATION_CONDITIONS = DEBUG;
				SWIFT_OPTIMIZATION_LEVEL = "-Onone";
			};
			name = Debug;
		};
		C6D34D7A28F5B8D300D0AD70 /* Release */ = {
			isa = XCBuildConfiguration;
			buildSettings = {
				ALWAYS_SEARCH_USER_PATHS = NO;
				CLANG_ANALYZER_NONNULL = YES;
				CLANG_ANALYZER_NUMBER_OBJECT_CONVERSION = YES_AGGRESSIVE;
				CLANG_CXX_LANGUAGE_STANDARD = "gnu++20";
				CLANG_ENABLE_MODULES = YES;
				CLANG_ENABLE_OBJC_ARC = YES;
				CLANG_ENABLE_OBJC_WEAK = YES;
				CLANG_WARN_BLOCK_CAPTURE_AUTORELEASING = YES;
				CLANG_WARN_BOOL_CONVERSION = YES;
				CLANG_WARN_COMMA = YES;
				CLANG_WARN_CONSTANT_CONVERSION = YES;
				CLANG_WARN_DEPRECATED_OBJC_IMPLEMENTATIONS = YES;
				CLANG_WARN_DIRECT_OBJC_ISA_USAGE = YES_ERROR;
				CLANG_WARN_DOCUMENTATION_COMMENTS = YES;
				CLANG_WARN_EMPTY_BODY = YES;
				CLANG_WARN_ENUM_CONVERSION = YES;
				CLANG_WARN_INFINITE_RECURSION = YES;
				CLANG_WARN_INT_CONVERSION = YES;
				CLANG_WARN_NON_LITERAL_NULL_CONVERSION = YES;
				CLANG_WARN_OBJC_IMPLICIT_RETAIN_SELF = YES;
				CLANG_WARN_OBJC_LITERAL_CONVERSION = YES;
				CLANG_WARN_OBJC_ROOT_CLASS = YES_ERROR;
				CLANG_WARN_QUOTED_INCLUDE_IN_FRAMEWORK_HEADER = YES;
				CLANG_WARN_RANGE_LOOP_ANALYSIS = YES;
				CLANG_WARN_STRICT_PROTOTYPES = YES;
				CLANG_WARN_SUSPICIOUS_MOVE = YES;
				CLANG_WARN_UNGUARDED_AVAILABILITY = YES_AGGRESSIVE;
				CLANG_WARN_UNREACHABLE_CODE = YES;
				CLANG_WARN__DUPLICATE_METHOD_MATCH = YES;
				COPY_PHASE_STRIP = NO;
				DEBUG_INFORMATION_FORMAT = "dwarf-with-dsym";
				ENABLE_NS_ASSERTIONS = NO;
				ENABLE_STRICT_OBJC_MSGSEND = YES;
				GCC_C_LANGUAGE_STANDARD = gnu11;
				GCC_NO_COMMON_BLOCKS = YES;
				GCC_WARN_64_TO_32_BIT_CONVERSION = YES;
				GCC_WARN_ABOUT_RETURN_TYPE = YES_ERROR;
				GCC_WARN_UNDECLARED_SELECTOR = YES;
				GCC_WARN_UNINITIALIZED_AUTOS = YES_AGGRESSIVE;
				GCC_WARN_UNUSED_FUNCTION = YES;
				GCC_WARN_UNUSED_VARIABLE = YES;
				IPHONEOS_DEPLOYMENT_TARGET = 16.0;
				MTL_ENABLE_DEBUG_INFO = NO;
				MTL_FAST_MATH = YES;
				SDKROOT = iphoneos;
				SWIFT_COMPILATION_MODE = wholemodule;
				SWIFT_OPTIMIZATION_LEVEL = "-O";
				VALIDATE_PRODUCT = YES;
			};
			name = Release;
		};
		C6D34D7C28F5B8D300D0AD70 /* Debug */ = {
			isa = XCBuildConfiguration;
			buildSettings = {
				ALWAYS_EMBED_SWIFT_STANDARD_LIBRARIES = YES;
				ASSETCATALOG_COMPILER_APPICON_NAME = AppIcon;
				ASSETCATALOG_COMPILER_GLOBAL_ACCENT_COLOR_NAME = AccentColor;
				CODE_SIGN_ENTITLEMENTS = "Todo-CoreData-LockScreen/Todo-CoreData-LockScreen.entitlements";
				CODE_SIGN_STYLE = Automatic;
				CURRENT_PROJECT_VERSION = 1;
				DEVELOPMENT_ASSET_PATHS = "\"Todo-CoreData-LockScreen/Preview Content\"";
				DEVELOPMENT_TEAM = 76AJ433CP5;
				ENABLE_PREVIEWS = YES;
				GENERATE_INFOPLIST_FILE = YES;
				INFOPLIST_FILE = "Todo-CoreData-LockScreen/Info.plist";
				INFOPLIST_KEY_CFBundleDisplayName = "락스크린투두";
				INFOPLIST_KEY_UIApplicationSceneManifest_Generation = YES;
				INFOPLIST_KEY_UIApplicationSupportsIndirectInputEvents = YES;
				INFOPLIST_KEY_UILaunchScreen_Generation = YES;
				INFOPLIST_KEY_UIStatusBarHidden = YES;
				INFOPLIST_KEY_UIStatusBarStyle = UIStatusBarStyleLightContent;
				INFOPLIST_KEY_UISupportedInterfaceOrientations = UIInterfaceOrientationPortrait;
				INFOPLIST_KEY_UISupportedInterfaceOrientations_iPad = "UIInterfaceOrientationLandscapeLeft UIInterfaceOrientationLandscapeRight UIInterfaceOrientationPortrait UIInterfaceOrientationPortraitUpsideDown";
				INFOPLIST_KEY_UIUserInterfaceStyle = Light;
				LD_RUNPATH_SEARCH_PATHS = (
					"$(inherited)",
					"@executable_path/Frameworks",
				);
				MARKETING_VERSION = 1.0;
				PRODUCT_BUNDLE_IDENTIFIER = com.kim.TodoLockScreen;
				PRODUCT_NAME = "$(TARGET_NAME)";
				SUPPORTED_PLATFORMS = "iphoneos iphonesimulator";
				SUPPORTS_MACCATALYST = NO;
				SUPPORTS_MAC_DESIGNED_FOR_IPHONE_IPAD = NO;
				SWIFT_EMIT_LOC_STRINGS = YES;
				SWIFT_VERSION = 5.0;
				TARGETED_DEVICE_FAMILY = 1;
			};
			name = Debug;
		};
		C6D34D7D28F5B8D300D0AD70 /* Release */ = {
			isa = XCBuildConfiguration;
			buildSettings = {
				ALWAYS_EMBED_SWIFT_STANDARD_LIBRARIES = YES;
				ASSETCATALOG_COMPILER_APPICON_NAME = AppIcon;
				ASSETCATALOG_COMPILER_GLOBAL_ACCENT_COLOR_NAME = AccentColor;
				CODE_SIGN_ENTITLEMENTS = "Todo-CoreData-LockScreen/Todo-CoreData-LockScreen.entitlements";
				CODE_SIGN_STYLE = Automatic;
				CURRENT_PROJECT_VERSION = 1;
				DEVELOPMENT_ASSET_PATHS = "\"Todo-CoreData-LockScreen/Preview Content\"";
				DEVELOPMENT_TEAM = 76AJ433CP5;
				ENABLE_PREVIEWS = YES;
				GENERATE_INFOPLIST_FILE = YES;
				INFOPLIST_FILE = "Todo-CoreData-LockScreen/Info.plist";
				INFOPLIST_KEY_CFBundleDisplayName = "락스크린투두";
				INFOPLIST_KEY_UIApplicationSceneManifest_Generation = YES;
				INFOPLIST_KEY_UIApplicationSupportsIndirectInputEvents = YES;
				INFOPLIST_KEY_UILaunchScreen_Generation = YES;
				INFOPLIST_KEY_UIStatusBarHidden = YES;
				INFOPLIST_KEY_UIStatusBarStyle = UIStatusBarStyleLightContent;
				INFOPLIST_KEY_UISupportedInterfaceOrientations = UIInterfaceOrientationPortrait;
				INFOPLIST_KEY_UISupportedInterfaceOrientations_iPad = "UIInterfaceOrientationLandscapeLeft UIInterfaceOrientationLandscapeRight UIInterfaceOrientationPortrait UIInterfaceOrientationPortraitUpsideDown";
				INFOPLIST_KEY_UIUserInterfaceStyle = Light;
				LD_RUNPATH_SEARCH_PATHS = (
					"$(inherited)",
					"@executable_path/Frameworks",
				);
				MARKETING_VERSION = 1.0;
				PRODUCT_BUNDLE_IDENTIFIER = com.kim.TodoLockScreen;
				PRODUCT_NAME = "$(TARGET_NAME)";
				SUPPORTED_PLATFORMS = "iphoneos iphonesimulator";
				SUPPORTS_MACCATALYST = NO;
				SUPPORTS_MAC_DESIGNED_FOR_IPHONE_IPAD = NO;
				SWIFT_EMIT_LOC_STRINGS = YES;
				SWIFT_VERSION = 5.0;
				TARGETED_DEVICE_FAMILY = 1;
			};
			name = Release;
		};
		C6D34D9928F5B9FB00D0AD70 /* Debug */ = {
			isa = XCBuildConfiguration;
			buildSettings = {
				ASSETCATALOG_COMPILER_GLOBAL_ACCENT_COLOR_NAME = AccentColor;
				ASSETCATALOG_COMPILER_WIDGET_BACKGROUND_COLOR_NAME = WidgetBackground;
				CODE_SIGN_ENTITLEMENTS = "Todo-WidgetExtension.entitlements";
				CODE_SIGN_STYLE = Automatic;
				CURRENT_PROJECT_VERSION = 1;
				DEVELOPMENT_TEAM = 76AJ433CP5;
				GENERATE_INFOPLIST_FILE = YES;
				INFOPLIST_FILE = "Todo-Widget/Info.plist";
				INFOPLIST_KEY_CFBundleDisplayName = LockscreenTodo;
				INFOPLIST_KEY_NSHumanReadableCopyright = "";
				INFOPLIST_KEY_UIUserInterfaceStyle = Light;
				LD_RUNPATH_SEARCH_PATHS = (
					"$(inherited)",
					"@executable_path/Frameworks",
					"@executable_path/../../Frameworks",
				);
				MARKETING_VERSION = 1.0;
				PRODUCT_BUNDLE_IDENTIFIER = "com.kim.TodoLockScreen.Todo-Widget";
				PRODUCT_NAME = "$(TARGET_NAME)";
				SKIP_INSTALL = YES;
				SWIFT_EMIT_LOC_STRINGS = YES;
				SWIFT_VERSION = 5.0;
				TARGETED_DEVICE_FAMILY = 1;
			};
			name = Debug;
		};
		C6D34D9A28F5B9FB00D0AD70 /* Release */ = {
			isa = XCBuildConfiguration;
			buildSettings = {
				ASSETCATALOG_COMPILER_GLOBAL_ACCENT_COLOR_NAME = AccentColor;
				ASSETCATALOG_COMPILER_WIDGET_BACKGROUND_COLOR_NAME = WidgetBackground;
				CODE_SIGN_ENTITLEMENTS = "Todo-WidgetExtension.entitlements";
				CODE_SIGN_STYLE = Automatic;
				CURRENT_PROJECT_VERSION = 1;
				DEVELOPMENT_TEAM = 76AJ433CP5;
				GENERATE_INFOPLIST_FILE = YES;
				INFOPLIST_FILE = "Todo-Widget/Info.plist";
				INFOPLIST_KEY_CFBundleDisplayName = LockscreenTodo;
				INFOPLIST_KEY_NSHumanReadableCopyright = "";
				INFOPLIST_KEY_UIUserInterfaceStyle = Light;
				LD_RUNPATH_SEARCH_PATHS = (
					"$(inherited)",
					"@executable_path/Frameworks",
					"@executable_path/../../Frameworks",
				);
				MARKETING_VERSION = 1.0;
				PRODUCT_BUNDLE_IDENTIFIER = "com.kim.TodoLockScreen.Todo-Widget";
				PRODUCT_NAME = "$(TARGET_NAME)";
				SKIP_INSTALL = YES;
				SWIFT_EMIT_LOC_STRINGS = YES;
				SWIFT_VERSION = 5.0;
				TARGETED_DEVICE_FAMILY = 1;
			};
			name = Release;
		};
/* End XCBuildConfiguration section */

/* Begin XCConfigurationList section */
		C6D34D6828F5B8D200D0AD70 /* Build configuration list for PBXProject "Todo-CoreData-LockScreen" */ = {
			isa = XCConfigurationList;
			buildConfigurations = (
				C6D34D7928F5B8D300D0AD70 /* Debug */,
				C6D34D7A28F5B8D300D0AD70 /* Release */,
			);
			defaultConfigurationIsVisible = 0;
			defaultConfigurationName = Release;
		};
		C6D34D7B28F5B8D300D0AD70 /* Build configuration list for PBXNativeTarget "Todo-CoreData-LockScreen" */ = {
			isa = XCConfigurationList;
			buildConfigurations = (
				C6D34D7C28F5B8D300D0AD70 /* Debug */,
				C6D34D7D28F5B8D300D0AD70 /* Release */,
			);
			defaultConfigurationIsVisible = 0;
			defaultConfigurationName = Release;
		};
		C6D34D9828F5B9FB00D0AD70 /* Build configuration list for PBXNativeTarget "Todo-WidgetExtension" */ = {
			isa = XCConfigurationList;
			buildConfigurations = (
				C6D34D9928F5B9FB00D0AD70 /* Debug */,
				C6D34D9A28F5B9FB00D0AD70 /* Release */,
			);
			defaultConfigurationIsVisible = 0;
			defaultConfigurationName = Release;
		};
/* End XCConfigurationList section */

/* Begin XCVersionGroup section */
		C6D34D9E28F5BAB400D0AD70 /* DataModel.xcdatamodeld */ = {
			isa = XCVersionGroup;
			children = (
				C6D34D9F28F5BAB400D0AD70 /* DataModel.xcdatamodel */,
			);
			currentVersion = C6D34D9F28F5BAB400D0AD70 /* DataModel.xcdatamodel */;
			path = DataModel.xcdatamodeld;
			sourceTree = "<group>";
			versionGroupType = wrapper.xcdatamodel;
		};
/* End XCVersionGroup section */
	};
	rootObject = C6D34D6528F5B8D200D0AD70 /* Project object */;
}
